
Microsoft Visual Studio Solution File, Format Version 12.00
# Visual Studio Version 16
VisualStudioVersion = 16.0.30114.105
MinimumVisualStudioVersion = 10.0.40219.1
Project("{9A19103F-16F7-4668-BE54-9A1E7A4F7556}") = "aspnet-core", "src\HttpApi.Host\aspnet-core.csproj", "{AE547483-94B0-4BF2-A82A-ED55339E9720}"
EndProject
Global
	GlobalSection(SolutionConfigurationPlatforms) = preSolution
		Debug|Any CPU = Debug|Any CPU
		Release|Any CPU = Release|Any CPU
	EndGlobalSection
	GlobalSection(ProjectConfigurationPlatforms) = postSolution
		{AE547483-94B0-4BF2-A82A-ED55339E9720}.Debug|Any CPU.ActiveCfg = Debug|Any CPU
		{AE547483-94B0-4BF2-A82A-ED55339E9720}.Debug|Any CPU.Build.0 = Debug|Any CPU
		{AE547483-94B0-4BF2-A82A-ED55339E9720}.Release|Any CPU.ActiveCfg = Release|Any CPU
		{AE547483-94B0-4BF2-A82A-ED55339E9720}.Release|Any CPU.Build.0 = Release|Any CPU
	EndGlobalSection
	GlobalSection(SolutionProperties) = preSolution
		HideSolutionNode = FALSE
	EndGlobalSection
	GlobalSection(ExtensibilityGlobals) = postSolution
		SolutionGuid = {A56FA626-F44E-4D0E-BE2D-35B986170260}
	EndGlobalSection
EndGlobal
